
Microsoft Visual Studio Solution File, Format Version 12.00
# Visual Studio Version 18
VisualStudioVersion = 18.7.11903.348 stable
MinimumVisualStudioVersion = 10.0.40219.1
Project("{FAE04EC0-301F-11D3-BF4B-00C04F79EFBC}") = "PasswordManagerLocal.Common.Tests", "Common\Tests\PasswordManagerLocal.Common.Tests.csproj", "{06B8E0C8-46FD-4E04-931E-282F7BF46D24}"
EndProject
Project("{FAE04EC0-301F-11D3-BF4B-00C04F79EFBC}") = "PasswordManagerLocal.Common.Backend", "Common\Backend\PasswordManagerLocal.Common.Backend.csproj", "{8BE8DAE7-489A-4FE0-848A-2F4A02ED3FBA}"
EndProject
Project("{FAE04EC0-301F-11D3-BF4B-00C04F79EFBC}") = "PasswordManagerLocal.Common.Frontend", "Common\Frontend\PasswordManagerLocal.Common.Frontend.csproj", "{066A9D52-F1DB-4A2E-9F84-E5D734B52EF0}"
EndProject
Project("{FAE04EC0-301F-11D3-BF4B-00C04F79EFBC}") = "PasswordManagerLocal.Android.Frontend", "Android\Frontend\PasswordManagerLocal.Android.Frontend.csproj", "{14F9033C-0C0E-458B-9079-16C9A10585FA}"
EndProject
Project("{FAE04EC0-301F-11D3-BF4B-00C04F79EFBC}") = "PasswordManagerLocal.Android.Runtime", "Android\Runtime\PasswordManagerLocal.Android.Runtime.csproj", "{9A4F7B25-8E31-4B2F-BDA4-6C22E4D68D10}"
EndProject
Project("{FAE04EC0-301F-11D3-BF4B-00C04F79EFBC}") = "PasswordManagerLocal.Windows.Frontend", "Windows\Frontend\PasswordManagerLocal.Windows.Frontend.csproj", "{729F0661-49A9-447A-E061-15E44ED3BB53}"
EndProject
Project("{FAE04EC0-301F-11D3-BF4B-00C04F79EFBC}") = "PasswordManagerLocal.Common.Backend.Hosting", "Common\Backend.Hosting\PasswordManagerLocal.Common.Backend.Hosting.csproj", "{A8C529CE-1D62-4E53-9A49-CB975B7B2754}"
EndProject
Project("{FAE04EC0-301F-11D3-BF4B-00C04F79EFBC}") = "PasswordManagerLocal.Windows.Backend", "Windows\Backend\PasswordManagerLocal.Windows.Backend.csproj", "{B36F2B54-3C18-4D4B-97EE-45CD24E98F61}"
EndProject
Project("{FAE04EC0-301F-11D3-BF4B-00C04F79EFBC}") = "PasswordManagerLocal.Android.Backend", "Android\Backend\PasswordManagerLocal.Android.Backend.csproj", "{C27A990D-7F1F-49F1-B543-88DBB3E11F75}"
EndProject
Project("{FAE04EC0-301F-11D3-BF4B-00C04F79EFBC}") = "PasswordManagerLocal.Common.Contracts", "Common\Contracts\PasswordManagerLocal.Common.Contracts.csproj", "{7D497E1E-08AD-476C-8C42-5995F0FFBD19}"
EndProject
Project("{FAE04EC0-301F-11D3-BF4B-00C04F79EFBC}") = "PasswordManagerLocal.Common.Preferences", "Common\Preferences\PasswordManagerLocal.Common.Preferences.csproj", "{A1D2E3F4-5B6C-47D8-9E01-23456789ABCD}"
EndProject
Project("{FAE04EC0-301F-11D3-BF4B-00C04F79EFBC}") = "PasswordManagerLocal.Windows.Ipc", "Windows\IPC\PasswordManagerLocal.Windows.Ipc.csproj", "{D5A8E2F1-2C6A-4F14-8D4D-8A0E1B4C9F31}"
EndProject
Project("{FAE04EC0-301F-11D3-BF4B-00C04F79EFBC}") = "PasswordManagerLocal.Windows.Tests.IPC", "Windows\Tests.IPC\PasswordManagerLocal.Windows.Tests.IPC.csproj", "{E7C9B3A2-5D4F-4A12-9C7E-2B6D8F1A3C45}"
EndProject
Project("{FAE04EC0-301F-11D3-BF4B-00C04F79EFBC}") = "PasswordManagerLocal.Windows.Agent", "Windows\Agent\PasswordManagerLocal.Windows.Agent.csproj", "{4E9C665A-78D6-4C8B-A2EA-1D2FAE0B6224}"
EndProject
Project("{FAE04EC0-301F-11D3-BF4B-00C04F79EFBC}") = "PasswordManagerLocal.Windows.Packaging", "Windows\Packaging\PasswordManagerLocal.Windows.Packaging.csproj", "{F6A6C0A1-9D7F-4D6A-8C62-3E5B7A41D902}"
EndProject
Project("{FAE04EC0-301F-11D3-BF4B-00C04F79EFBC}") = "PasswordManagerLocal.Windows.EndpointRpc.Contracts", "Windows\EndpointRpc\Contracts\PasswordManagerLocal.Windows.EndpointRpc.Contracts.csproj", "{A5F4DA1F-8722-4C35-93D5-C6E687BEB1B6}"
EndProject
Project("{FAE04EC0-301F-11D3-BF4B-00C04F79EFBC}") = "PasswordManagerLocal.Windows.EndpointRpc.Client", "Windows\EndpointRpc\Client\PasswordManagerLocal.Windows.EndpointRpc.Client.csproj", "{57A2FE23-7DF8-4E17-AE54-992259432E88}"
EndProject
Project("{FAE04EC0-301F-11D3-BF4B-00C04F79EFBC}") = "PasswordManagerLocal.Windows.EndpointRpc.Server", "Windows\EndpointRpc\Server\PasswordManagerLocal.Windows.EndpointRpc.Server.csproj", "{92E14D3D-AC1B-49EC-B8D4-C5648835CD20}"
EndProject
Project("{FAE04EC0-301F-11D3-BF4B-00C04F79EFBC}") = "PasswordManagerLocal.Windows.Tests.EndpointRpc", "Windows\Tests.EndpointRpc\PasswordManagerLocal.Windows.Tests.EndpointRpc.csproj", "{A7A9D6D1-16FC-457A-B0A8-79B14E30384F}"
EndProject
Project("{FAE04EC0-301F-11D3-BF4B-00C04F79EFBC}") = "PasswordManagerLocal.Windows.Tests.Host", "Windows\Tests.Host\PasswordManagerLocal.Windows.Tests.Host.csproj", "{C4D2F7B8-91A6-4E2C-AB36-7D5E8F9012A4}"
EndProject
Project("{2150E333-8FDC-42A3-9474-1A3956D46DE8}") = "Android", "Android", "{A3CF217B-61D0-4EBC-8F2B-F5A4AB2C1021}"
EndProject
Project("{2150E333-8FDC-42A3-9474-1A3956D46DE8}") = "Common", "Common", "{B5F781E2-4077-4C39-A6AF-38C0C19F7A52}"
EndProject
Project("{2150E333-8FDC-42A3-9474-1A3956D46DE8}") = "Windows", "Windows", "{C8A62F0D-E973-49B5-B47A-902E0AB6D783}"
EndProject
Global
	GlobalSection(SolutionConfigurationPlatforms) = preSolution
		Debug|Any CPU = Debug|Any CPU
		Debug|ARM32 = Debug|ARM32
		Debug|ARM64 = Debug|ARM64
		Debug|x64 = Debug|x64
		Debug|x86 = Debug|x86
		Release|Any CPU = Release|Any CPU
		Release|ARM32 = Release|ARM32
		Release|ARM64 = Release|ARM64
		Release|x64 = Release|x64
		Release|x86 = Release|x86
	EndGlobalSection
	GlobalSection(ProjectConfigurationPlatforms) = postSolution
		{4E9C665A-78D6-4C8B-A2EA-1D2FAE0B6224}.Debug|Any CPU.ActiveCfg = Debug|Any CPU
		{4E9C665A-78D6-4C8B-A2EA-1D2FAE0B6224}.Debug|Any CPU.Build.0 = Debug|Any CPU
		{4E9C665A-78D6-4C8B-A2EA-1D2FAE0B6224}.Debug|ARM32.ActiveCfg = Debug|ARM32
		{4E9C665A-78D6-4C8B-A2EA-1D2FAE0B6224}.Debug|ARM32.Build.0 = Debug|ARM32
		{4E9C665A-78D6-4C8B-A2EA-1D2FAE0B6224}.Debug|ARM64.ActiveCfg = Debug|ARM64
		{4E9C665A-78D6-4C8B-A2EA-1D2FAE0B6224}.Debug|ARM64.Build.0 = Debug|ARM64
		{4E9C665A-78D6-4C8B-A2EA-1D2FAE0B6224}.Debug|x64.ActiveCfg = Debug|x64
		{4E9C665A-78D6-4C8B-A2EA-1D2FAE0B6224}.Debug|x64.Build.0 = Debug|x64
		{4E9C665A-78D6-4C8B-A2EA-1D2FAE0B6224}.Debug|x86.ActiveCfg = Debug|x86
		{4E9C665A-78D6-4C8B-A2EA-1D2FAE0B6224}.Debug|x86.Build.0 = Debug|x86
		{4E9C665A-78D6-4C8B-A2EA-1D2FAE0B6224}.Release|Any CPU.ActiveCfg = Release|Any CPU
		{4E9C665A-78D6-4C8B-A2EA-1D2FAE0B6224}.Release|Any CPU.Build.0 = Release|Any CPU
		{4E9C665A-78D6-4C8B-A2EA-1D2FAE0B6224}.Release|ARM32.ActiveCfg = Release|ARM32
		{4E9C665A-78D6-4C8B-A2EA-1D2FAE0B6224}.Release|ARM32.Build.0 = Release|ARM32
		{4E9C665A-78D6-4C8B-A2EA-1D2FAE0B6224}.Release|ARM64.ActiveCfg = Release|ARM64
		{4E9C665A-78D6-4C8B-A2EA-1D2FAE0B6224}.Release|ARM64.Build.0 = Release|ARM64
		{4E9C665A-78D6-4C8B-A2EA-1D2FAE0B6224}.Release|x64.ActiveCfg = Release|x64
		{4E9C665A-78D6-4C8B-A2EA-1D2FAE0B6224}.Release|x64.Build.0 = Release|x64
		{4E9C665A-78D6-4C8B-A2EA-1D2FAE0B6224}.Release|x86.ActiveCfg = Release|x86
		{4E9C665A-78D6-4C8B-A2EA-1D2FAE0B6224}.Release|x86.Build.0 = Release|x86
		{D5A8E2F1-2C6A-4F14-8D4D-8A0E1B4C9F31}.Debug|Any CPU.ActiveCfg = Debug|Any CPU
		{D5A8E2F1-2C6A-4F14-8D4D-8A0E1B4C9F31}.Debug|Any CPU.Build.0 = Debug|Any CPU
		{E7C9B3A2-5D4F-4A12-9C7E-2B6D8F1A3C45}.Debug|Any CPU.ActiveCfg = Debug|Any CPU
		{E7C9B3A2-5D4F-4A12-9C7E-2B6D8F1A3C45}.Debug|Any CPU.Build.0 = Debug|Any CPU
		{D5A8E2F1-2C6A-4F14-8D4D-8A0E1B4C9F31}.Debug|ARM32.ActiveCfg = Debug|ARM32
		{D5A8E2F1-2C6A-4F14-8D4D-8A0E1B4C9F31}.Debug|ARM32.Build.0 = Debug|ARM32
		{E7C9B3A2-5D4F-4A12-9C7E-2B6D8F1A3C45}.Debug|ARM32.ActiveCfg = Debug|Any CPU
		{E7C9B3A2-5D4F-4A12-9C7E-2B6D8F1A3C45}.Debug|ARM32.Build.0 = Debug|Any CPU
		{D5A8E2F1-2C6A-4F14-8D4D-8A0E1B4C9F31}.Debug|ARM64.ActiveCfg = Debug|ARM64
		{D5A8E2F1-2C6A-4F14-8D4D-8A0E1B4C9F31}.Debug|ARM64.Build.0 = Debug|ARM64
		{E7C9B3A2-5D4F-4A12-9C7E-2B6D8F1A3C45}.Debug|ARM64.ActiveCfg = Debug|Any CPU
		{E7C9B3A2-5D4F-4A12-9C7E-2B6D8F1A3C45}.Debug|ARM64.Build.0 = Debug|Any CPU
		{D5A8E2F1-2C6A-4F14-8D4D-8A0E1B4C9F31}.Debug|x64.ActiveCfg = Debug|x64
		{D5A8E2F1-2C6A-4F14-8D4D-8A0E1B4C9F31}.Debug|x64.Build.0 = Debug|x64
		{E7C9B3A2-5D4F-4A12-9C7E-2B6D8F1A3C45}.Debug|x64.ActiveCfg = Debug|Any CPU
		{E7C9B3A2-5D4F-4A12-9C7E-2B6D8F1A3C45}.Debug|x64.Build.0 = Debug|Any CPU
		{D5A8E2F1-2C6A-4F14-8D4D-8A0E1B4C9F31}.Debug|x86.ActiveCfg = Debug|x86
		{D5A8E2F1-2C6A-4F14-8D4D-8A0E1B4C9F31}.Debug|x86.Build.0 = Debug|x86
		{E7C9B3A2-5D4F-4A12-9C7E-2B6D8F1A3C45}.Debug|x86.ActiveCfg = Debug|Any CPU
		{E7C9B3A2-5D4F-4A12-9C7E-2B6D8F1A3C45}.Debug|x86.Build.0 = Debug|Any CPU
		{D5A8E2F1-2C6A-4F14-8D4D-8A0E1B4C9F31}.Release|Any CPU.ActiveCfg = Release|Any CPU
		{D5A8E2F1-2C6A-4F14-8D4D-8A0E1B4C9F31}.Release|Any CPU.Build.0 = Release|Any CPU
		{E7C9B3A2-5D4F-4A12-9C7E-2B6D8F1A3C45}.Release|Any CPU.ActiveCfg = Release|Any CPU
		{E7C9B3A2-5D4F-4A12-9C7E-2B6D8F1A3C45}.Release|Any CPU.Build.0 = Release|Any CPU
		{D5A8E2F1-2C6A-4F14-8D4D-8A0E1B4C9F31}.Release|ARM32.ActiveCfg = Release|ARM32
		{D5A8E2F1-2C6A-4F14-8D4D-8A0E1B4C9F31}.Release|ARM32.Build.0 = Release|ARM32
		{E7C9B3A2-5D4F-4A12-9C7E-2B6D8F1A3C45}.Release|ARM32.ActiveCfg = Release|Any CPU
		{E7C9B3A2-5D4F-4A12-9C7E-2B6D8F1A3C45}.Release|ARM32.Build.0 = Release|Any CPU
		{D5A8E2F1-2C6A-4F14-8D4D-8A0E1B4C9F31}.Release|ARM64.ActiveCfg = Release|ARM64
		{D5A8E2F1-2C6A-4F14-8D4D-8A0E1B4C9F31}.Release|ARM64.Build.0 = Release|ARM64
		{E7C9B3A2-5D4F-4A12-9C7E-2B6D8F1A3C45}.Release|ARM64.ActiveCfg = Release|Any CPU
		{E7C9B3A2-5D4F-4A12-9C7E-2B6D8F1A3C45}.Release|ARM64.Build.0 = Release|Any CPU
		{D5A8E2F1-2C6A-4F14-8D4D-8A0E1B4C9F31}.Release|x64.ActiveCfg = Release|x64
		{D5A8E2F1-2C6A-4F14-8D4D-8A0E1B4C9F31}.Release|x64.Build.0 = Release|x64
		{E7C9B3A2-5D4F-4A12-9C7E-2B6D8F1A3C45}.Release|x64.ActiveCfg = Release|Any CPU
		{E7C9B3A2-5D4F-4A12-9C7E-2B6D8F1A3C45}.Release|x64.Build.0 = Release|Any CPU
		{D5A8E2F1-2C6A-4F14-8D4D-8A0E1B4C9F31}.Release|x86.ActiveCfg = Release|x86
		{D5A8E2F1-2C6A-4F14-8D4D-8A0E1B4C9F31}.Release|x86.Build.0 = Release|x86
		{E7C9B3A2-5D4F-4A12-9C7E-2B6D8F1A3C45}.Release|x86.ActiveCfg = Release|Any CPU
		{E7C9B3A2-5D4F-4A12-9C7E-2B6D8F1A3C45}.Release|x86.Build.0 = Release|Any CPU
		{7D497E1E-08AD-476C-8C42-5995F0FFBD19}.Debug|Any CPU.ActiveCfg = Debug|Any CPU
		{7D497E1E-08AD-476C-8C42-5995F0FFBD19}.Debug|Any CPU.Build.0 = Debug|Any CPU
		{7D497E1E-08AD-476C-8C42-5995F0FFBD19}.Debug|ARM32.ActiveCfg = Debug|ARM32
		{7D497E1E-08AD-476C-8C42-5995F0FFBD19}.Debug|ARM32.Build.0 = Debug|ARM32
		{7D497E1E-08AD-476C-8C42-5995F0FFBD19}.Debug|ARM64.ActiveCfg = Debug|ARM64
		{7D497E1E-08AD-476C-8C42-5995F0FFBD19}.Debug|ARM64.Build.0 = Debug|ARM64
		{7D497E1E-08AD-476C-8C42-5995F0FFBD19}.Debug|x64.ActiveCfg = Debug|x64
		{7D497E1E-08AD-476C-8C42-5995F0FFBD19}.Debug|x64.Build.0 = Debug|x64
		{7D497E1E-08AD-476C-8C42-5995F0FFBD19}.Debug|x86.ActiveCfg = Debug|x86
		{7D497E1E-08AD-476C-8C42-5995F0FFBD19}.Debug|x86.Build.0 = Debug|x86
		{7D497E1E-08AD-476C-8C42-5995F0FFBD19}.Release|Any CPU.ActiveCfg = Release|Any CPU
		{7D497E1E-08AD-476C-8C42-5995F0FFBD19}.Release|Any CPU.Build.0 = Release|Any CPU
		{7D497E1E-08AD-476C-8C42-5995F0FFBD19}.Release|ARM32.ActiveCfg = Release|ARM32
		{7D497E1E-08AD-476C-8C42-5995F0FFBD19}.Release|ARM32.Build.0 = Release|ARM32
		{7D497E1E-08AD-476C-8C42-5995F0FFBD19}.Release|ARM64.ActiveCfg = Release|ARM64
		{7D497E1E-08AD-476C-8C42-5995F0FFBD19}.Release|ARM64.Build.0 = Release|ARM64
		{7D497E1E-08AD-476C-8C42-5995F0FFBD19}.Release|x64.ActiveCfg = Release|x64
		{7D497E1E-08AD-476C-8C42-5995F0FFBD19}.Release|x64.Build.0 = Release|x64
		{7D497E1E-08AD-476C-8C42-5995F0FFBD19}.Release|x86.ActiveCfg = Release|x86
		{7D497E1E-08AD-476C-8C42-5995F0FFBD19}.Release|x86.Build.0 = Release|x86
		{A8C529CE-1D62-4E53-9A49-CB975B7B2754}.Debug|Any CPU.ActiveCfg = Debug|Any CPU
		{A8C529CE-1D62-4E53-9A49-CB975B7B2754}.Debug|Any CPU.Build.0 = Debug|Any CPU
		{A8C529CE-1D62-4E53-9A49-CB975B7B2754}.Debug|ARM32.ActiveCfg = Debug|ARM32
		{A8C529CE-1D62-4E53-9A49-CB975B7B2754}.Debug|ARM32.Build.0 = Debug|ARM32
		{A8C529CE-1D62-4E53-9A49-CB975B7B2754}.Debug|ARM64.ActiveCfg = Debug|ARM64
		{A8C529CE-1D62-4E53-9A49-CB975B7B2754}.Debug|ARM64.Build.0 = Debug|ARM64
		{A8C529CE-1D62-4E53-9A49-CB975B7B2754}.Debug|x64.ActiveCfg = Debug|x64
		{A8C529CE-1D62-4E53-9A49-CB975B7B2754}.Debug|x64.Build.0 = Debug|x64
		{A8C529CE-1D62-4E53-9A49-CB975B7B2754}.Debug|x86.ActiveCfg = Debug|x86
		{A8C529CE-1D62-4E53-9A49-CB975B7B2754}.Debug|x86.Build.0 = Debug|x86
		{A8C529CE-1D62-4E53-9A49-CB975B7B2754}.Release|Any CPU.ActiveCfg = Release|Any CPU
		{A8C529CE-1D62-4E53-9A49-CB975B7B2754}.Release|Any CPU.Build.0 = Release|Any CPU
		{A8C529CE-1D62-4E53-9A49-CB975B7B2754}.Release|ARM32.ActiveCfg = Release|ARM32
		{A8C529CE-1D62-4E53-9A49-CB975B7B2754}.Release|ARM32.Build.0 = Release|ARM32
		{A8C529CE-1D62-4E53-9A49-CB975B7B2754}.Release|ARM64.ActiveCfg = Release|ARM64
		{A8C529CE-1D62-4E53-9A49-CB975B7B2754}.Release|ARM64.Build.0 = Release|ARM64
		{A8C529CE-1D62-4E53-9A49-CB975B7B2754}.Release|x64.ActiveCfg = Release|x64
		{A8C529CE-1D62-4E53-9A49-CB975B7B2754}.Release|x64.Build.0 = Release|x64
		{A8C529CE-1D62-4E53-9A49-CB975B7B2754}.Release|x86.ActiveCfg = Release|x86
		{A8C529CE-1D62-4E53-9A49-CB975B7B2754}.Release|x86.Build.0 = Release|x86
		{B36F2B54-3C18-4D4B-97EE-45CD24E98F61}.Debug|Any CPU.ActiveCfg = Debug|Any CPU
		{B36F2B54-3C18-4D4B-97EE-45CD24E98F61}.Debug|Any CPU.Build.0 = Debug|Any CPU
		{B36F2B54-3C18-4D4B-97EE-45CD24E98F61}.Debug|ARM32.ActiveCfg = Debug|ARM32
		{B36F2B54-3C18-4D4B-97EE-45CD24E98F61}.Debug|ARM32.Build.0 = Debug|ARM32
		{B36F2B54-3C18-4D4B-97EE-45CD24E98F61}.Debug|ARM64.ActiveCfg = Debug|ARM64
		{B36F2B54-3C18-4D4B-97EE-45CD24E98F61}.Debug|ARM64.Build.0 = Debug|ARM64
		{B36F2B54-3C18-4D4B-97EE-45CD24E98F61}.Debug|x64.ActiveCfg = Debug|x64
		{B36F2B54-3C18-4D4B-97EE-45CD24E98F61}.Debug|x64.Build.0 = Debug|x64
		{B36F2B54-3C18-4D4B-97EE-45CD24E98F61}.Debug|x86.ActiveCfg = Debug|x86
		{B36F2B54-3C18-4D4B-97EE-45CD24E98F61}.Debug|x86.Build.0 = Debug|x86
		{B36F2B54-3C18-4D4B-97EE-45CD24E98F61}.Release|Any CPU.ActiveCfg = Release|Any CPU
		{B36F2B54-3C18-4D4B-97EE-45CD24E98F61}.Release|Any CPU.Build.0 = Release|Any CPU
		{B36F2B54-3C18-4D4B-97EE-45CD24E98F61}.Release|ARM32.ActiveCfg = Release|ARM32
		{B36F2B54-3C18-4D4B-97EE-45CD24E98F61}.Release|ARM32.Build.0 = Release|ARM32
		{B36F2B54-3C18-4D4B-97EE-45CD24E98F61}.Release|ARM64.ActiveCfg = Release|ARM64
		{B36F2B54-3C18-4D4B-97EE-45CD24E98F61}.Release|ARM64.Build.0 = Release|ARM64
		{B36F2B54-3C18-4D4B-97EE-45CD24E98F61}.Release|x64.ActiveCfg = Release|x64
		{B36F2B54-3C18-4D4B-97EE-45CD24E98F61}.Release|x64.Build.0 = Release|x64
		{B36F2B54-3C18-4D4B-97EE-45CD24E98F61}.Release|x86.ActiveCfg = Release|x86
		{B36F2B54-3C18-4D4B-97EE-45CD24E98F61}.Release|x86.Build.0 = Release|x86
		{C27A990D-7F1F-49F1-B543-88DBB3E11F75}.Debug|Any CPU.ActiveCfg = Debug|Any CPU
		{C27A990D-7F1F-49F1-B543-88DBB3E11F75}.Debug|Any CPU.Build.0 = Debug|Any CPU
		{C27A990D-7F1F-49F1-B543-88DBB3E11F75}.Debug|ARM32.ActiveCfg = Debug|ARM32
		{C27A990D-7F1F-49F1-B543-88DBB3E11F75}.Debug|ARM32.Build.0 = Debug|ARM32
		{C27A990D-7F1F-49F1-B543-88DBB3E11F75}.Debug|ARM64.ActiveCfg = Debug|ARM64
		{C27A990D-7F1F-49F1-B543-88DBB3E11F75}.Debug|ARM64.Build.0 = Debug|ARM64
		{C27A990D-7F1F-49F1-B543-88DBB3E11F75}.Debug|x64.ActiveCfg = Debug|x64
		{C27A990D-7F1F-49F1-B543-88DBB3E11F75}.Debug|x64.Build.0 = Debug|x64
		{C27A990D-7F1F-49F1-B543-88DBB3E11F75}.Debug|x86.ActiveCfg = Debug|x86
		{C27A990D-7F1F-49F1-B543-88DBB3E11F75}.Debug|x86.Build.0 = Debug|x86
		{C27A990D-7F1F-49F1-B543-88DBB3E11F75}.Release|Any CPU.ActiveCfg = Release|Any CPU
		{C27A990D-7F1F-49F1-B543-88DBB3E11F75}.Release|Any CPU.Build.0 = Release|Any CPU
		{C27A990D-7F1F-49F1-B543-88DBB3E11F75}.Release|ARM32.ActiveCfg = Release|ARM32
		{C27A990D-7F1F-49F1-B543-88DBB3E11F75}.Release|ARM32.Build.0 = Release|ARM32
		{C27A990D-7F1F-49F1-B543-88DBB3E11F75}.Release|ARM64.ActiveCfg = Release|ARM64
		{C27A990D-7F1F-49F1-B543-88DBB3E11F75}.Release|ARM64.Build.0 = Release|ARM64
		{C27A990D-7F1F-49F1-B543-88DBB3E11F75}.Release|x64.ActiveCfg = Release|x64
		{C27A990D-7F1F-49F1-B543-88DBB3E11F75}.Release|x64.Build.0 = Release|x64
		{C27A990D-7F1F-49F1-B543-88DBB3E11F75}.Release|x86.ActiveCfg = Release|x86
		{C27A990D-7F1F-49F1-B543-88DBB3E11F75}.Release|x86.Build.0 = Release|x86
		{06B8E0C8-46FD-4E04-931E-282F7BF46D24}.Debug|Any CPU.ActiveCfg = Debug|Any CPU
		{06B8E0C8-46FD-4E04-931E-282F7BF46D24}.Debug|Any CPU.Build.0 = Debug|Any CPU
		{06B8E0C8-46FD-4E04-931E-282F7BF46D24}.Debug|ARM32.ActiveCfg = Debug|Any CPU
		{06B8E0C8-46FD-4E04-931E-282F7BF46D24}.Debug|ARM32.Build.0 = Debug|Any CPU
		{06B8E0C8-46FD-4E04-931E-282F7BF46D24}.Debug|ARM64.ActiveCfg = Debug|Any CPU
		{06B8E0C8-46FD-4E04-931E-282F7BF46D24}.Debug|ARM64.Build.0 = Debug|Any CPU
		{06B8E0C8-46FD-4E04-931E-282F7BF46D24}.Debug|x64.ActiveCfg = Debug|Any CPU
		{06B8E0C8-46FD-4E04-931E-282F7BF46D24}.Debug|x64.Build.0 = Debug|Any CPU
		{06B8E0C8-46FD-4E04-931E-282F7BF46D24}.Debug|x86.ActiveCfg = Debug|Any CPU
		{06B8E0C8-46FD-4E04-931E-282F7BF46D24}.Debug|x86.Build.0 = Debug|Any CPU
		{06B8E0C8-46FD-4E04-931E-282F7BF46D24}.Release|Any CPU.ActiveCfg = Release|Any CPU
		{06B8E0C8-46FD-4E04-931E-282F7BF46D24}.Release|Any CPU.Build.0 = Release|Any CPU
		{06B8E0C8-46FD-4E04-931E-282F7BF46D24}.Release|ARM32.ActiveCfg = Release|Any CPU
		{06B8E0C8-46FD-4E04-931E-282F7BF46D24}.Release|ARM32.Build.0 = Release|Any CPU
		{06B8E0C8-46FD-4E04-931E-282F7BF46D24}.Release|ARM64.ActiveCfg = Release|Any CPU
		{06B8E0C8-46FD-4E04-931E-282F7BF46D24}.Release|ARM64.Build.0 = Release|Any CPU
		{06B8E0C8-46FD-4E04-931E-282F7BF46D24}.Release|x64.ActiveCfg = Release|Any CPU
		{06B8E0C8-46FD-4E04-931E-282F7BF46D24}.Release|x64.Build.0 = Release|Any CPU
		{06B8E0C8-46FD-4E04-931E-282F7BF46D24}.Release|x86.ActiveCfg = Release|Any CPU
		{06B8E0C8-46FD-4E04-931E-282F7BF46D24}.Release|x86.Build.0 = Release|Any CPU
		{8BE8DAE7-489A-4FE0-848A-2F4A02ED3FBA}.Debug|Any CPU.ActiveCfg = Debug|Any CPU
		{8BE8DAE7-489A-4FE0-848A-2F4A02ED3FBA}.Debug|Any CPU.Build.0 = Debug|Any CPU
		{8BE8DAE7-489A-4FE0-848A-2F4A02ED3FBA}.Debug|ARM32.ActiveCfg = Debug|ARM32
		{8BE8DAE7-489A-4FE0-848A-2F4A02ED3FBA}.Debug|ARM32.Build.0 = Debug|ARM32
		{8BE8DAE7-489A-4FE0-848A-2F4A02ED3FBA}.Debug|ARM64.ActiveCfg = Debug|ARM64
		{8BE8DAE7-489A-4FE0-848A-2F4A02ED3FBA}.Debug|ARM64.Build.0 = Debug|ARM64
		{8BE8DAE7-489A-4FE0-848A-2F4A02ED3FBA}.Debug|x64.ActiveCfg = Debug|x64
		{8BE8DAE7-489A-4FE0-848A-2F4A02ED3FBA}.Debug|x64.Build.0 = Debug|x64
		{8BE8DAE7-489A-4FE0-848A-2F4A02ED3FBA}.Debug|x86.ActiveCfg = Debug|x86
		{8BE8DAE7-489A-4FE0-848A-2F4A02ED3FBA}.Debug|x86.Build.0 = Debug|x86
		{8BE8DAE7-489A-4FE0-848A-2F4A02ED3FBA}.Release|Any CPU.ActiveCfg = Release|Any CPU
		{8BE8DAE7-489A-4FE0-848A-2F4A02ED3FBA}.Release|Any CPU.Build.0 = Release|Any CPU
		{8BE8DAE7-489A-4FE0-848A-2F4A02ED3FBA}.Release|ARM32.ActiveCfg = Release|ARM32
		{8BE8DAE7-489A-4FE0-848A-2F4A02ED3FBA}.Release|ARM32.Build.0 = Release|ARM32
		{8BE8DAE7-489A-4FE0-848A-2F4A02ED3FBA}.Release|ARM64.ActiveCfg = Release|ARM64
		{8BE8DAE7-489A-4FE0-848A-2F4A02ED3FBA}.Release|ARM64.Build.0 = Release|ARM64
		{8BE8DAE7-489A-4FE0-848A-2F4A02ED3FBA}.Release|x64.ActiveCfg = Release|x64
		{8BE8DAE7-489A-4FE0-848A-2F4A02ED3FBA}.Release|x64.Build.0 = Release|x64
		{8BE8DAE7-489A-4FE0-848A-2F4A02ED3FBA}.Release|x86.ActiveCfg = Release|x86
		{8BE8DAE7-489A-4FE0-848A-2F4A02ED3FBA}.Release|x86.Build.0 = Release|x86
		{066A9D52-F1DB-4A2E-9F84-E5D734B52EF0}.Debug|Any CPU.ActiveCfg = Debug|Any CPU
		{066A9D52-F1DB-4A2E-9F84-E5D734B52EF0}.Debug|Any CPU.Build.0 = Debug|Any CPU
		{066A9D52-F1DB-4A2E-9F84-E5D734B52EF0}.Debug|ARM32.ActiveCfg = Debug|ARM32
		{066A9D52-F1DB-4A2E-9F84-E5D734B52EF0}.Debug|ARM32.Build.0 = Debug|ARM32
		{066A9D52-F1DB-4A2E-9F84-E5D734B52EF0}.Debug|ARM64.ActiveCfg = Debug|ARM64
		{066A9D52-F1DB-4A2E-9F84-E5D734B52EF0}.Debug|ARM64.Build.0 = Debug|ARM64
		{066A9D52-F1DB-4A2E-9F84-E5D734B52EF0}.Debug|x64.ActiveCfg = Debug|x64
		{066A9D52-F1DB-4A2E-9F84-E5D734B52EF0}.Debug|x64.Build.0 = Debug|x64
		{066A9D52-F1DB-4A2E-9F84-E5D734B52EF0}.Debug|x86.ActiveCfg = Debug|x86
		{066A9D52-F1DB-4A2E-9F84-E5D734B52EF0}.Debug|x86.Build.0 = Debug|x86
		{066A9D52-F1DB-4A2E-9F84-E5D734B52EF0}.Release|Any CPU.ActiveCfg = Release|Any CPU
		{066A9D52-F1DB-4A2E-9F84-E5D734B52EF0}.Release|Any CPU.Build.0 = Release|Any CPU
		{066A9D52-F1DB-4A2E-9F84-E5D734B52EF0}.Release|ARM32.ActiveCfg = Release|ARM32
		{066A9D52-F1DB-4A2E-9F84-E5D734B52EF0}.Release|ARM32.Build.0 = Release|ARM32
		{066A9D52-F1DB-4A2E-9F84-E5D734B52EF0}.Release|ARM64.ActiveCfg = Release|ARM64
		{066A9D52-F1DB-4A2E-9F84-E5D734B52EF0}.Release|ARM64.Build.0 = Release|ARM64
		{066A9D52-F1DB-4A2E-9F84-E5D734B52EF0}.Release|x64.ActiveCfg = Release|x64
		{066A9D52-F1DB-4A2E-9F84-E5D734B52EF0}.Release|x64.Build.0 = Release|x64
		{066A9D52-F1DB-4A2E-9F84-E5D734B52EF0}.Release|x86.ActiveCfg = Release|x86
		{066A9D52-F1DB-4A2E-9F84-E5D734B52EF0}.Release|x86.Build.0 = Release|x86
		{14F9033C-0C0E-458B-9079-16C9A10585FA}.Debug|Any CPU.ActiveCfg = Debug|Any CPU
		{14F9033C-0C0E-458B-9079-16C9A10585FA}.Debug|Any CPU.Build.0 = Debug|Any CPU
		{14F9033C-0C0E-458B-9079-16C9A10585FA}.Debug|Any CPU.Deploy.0 = Debug|Any CPU
		{14F9033C-0C0E-458B-9079-16C9A10585FA}.Debug|ARM32.ActiveCfg = Debug|ARM32
		{14F9033C-0C0E-458B-9079-16C9A10585FA}.Debug|ARM32.Build.0 = Debug|ARM32
		{14F9033C-0C0E-458B-9079-16C9A10585FA}.Debug|ARM32.Deploy.0 = Debug|ARM32
		{14F9033C-0C0E-458B-9079-16C9A10585FA}.Debug|ARM64.ActiveCfg = Debug|ARM64
		{14F9033C-0C0E-458B-9079-16C9A10585FA}.Debug|ARM64.Build.0 = Debug|ARM64
		{14F9033C-0C0E-458B-9079-16C9A10585FA}.Debug|ARM64.Deploy.0 = Debug|ARM64
		{14F9033C-0C0E-458B-9079-16C9A10585FA}.Debug|x64.ActiveCfg = Debug|x64
		{14F9033C-0C0E-458B-9079-16C9A10585FA}.Debug|x64.Build.0 = Debug|x64
		{14F9033C-0C0E-458B-9079-16C9A10585FA}.Debug|x64.Deploy.0 = Debug|x64
		{14F9033C-0C0E-458B-9079-16C9A10585FA}.Debug|x86.ActiveCfg = Debug|x86
		{14F9033C-0C0E-458B-9079-16C9A10585FA}.Debug|x86.Build.0 = Debug|x86
		{14F9033C-0C0E-458B-9079-16C9A10585FA}.Debug|x86.Deploy.0 = Debug|x86
		{14F9033C-0C0E-458B-9079-16C9A10585FA}.Release|Any CPU.ActiveCfg = Release|Any CPU
		{14F9033C-0C0E-458B-9079-16C9A10585FA}.Release|Any CPU.Build.0 = Release|Any CPU
		{14F9033C-0C0E-458B-9079-16C9A10585FA}.Release|Any CPU.Deploy.0 = Release|Any CPU
		{14F9033C-0C0E-458B-9079-16C9A10585FA}.Release|ARM32.ActiveCfg = Release|ARM32
		{14F9033C-0C0E-458B-9079-16C9A10585FA}.Release|ARM32.Build.0 = Release|ARM32
		{14F9033C-0C0E-458B-9079-16C9A10585FA}.Release|ARM32.Deploy.0 = Release|ARM32
		{14F9033C-0C0E-458B-9079-16C9A10585FA}.Release|ARM64.ActiveCfg = Release|ARM64
		{14F9033C-0C0E-458B-9079-16C9A10585FA}.Release|ARM64.Build.0 = Release|ARM64
		{14F9033C-0C0E-458B-9079-16C9A10585FA}.Release|ARM64.Deploy.0 = Release|ARM64
		{14F9033C-0C0E-458B-9079-16C9A10585FA}.Release|x64.ActiveCfg = Release|x64
		{14F9033C-0C0E-458B-9079-16C9A10585FA}.Release|x64.Build.0 = Release|x64
		{14F9033C-0C0E-458B-9079-16C9A10585FA}.Release|x64.Deploy.0 = Release|x64
		{14F9033C-0C0E-458B-9079-16C9A10585FA}.Release|x86.ActiveCfg = Release|x86
		{14F9033C-0C0E-458B-9079-16C9A10585FA}.Release|x86.Build.0 = Release|x86
		{14F9033C-0C0E-458B-9079-16C9A10585FA}.Release|x86.Deploy.0 = Release|x86
		{729F0661-49A9-447A-E061-15E44ED3BB53}.Debug|Any CPU.ActiveCfg = Debug|Any CPU
		{729F0661-49A9-447A-E061-15E44ED3BB53}.Debug|Any CPU.Build.0 = Debug|Any CPU
		{729F0661-49A9-447A-E061-15E44ED3BB53}.Debug|ARM32.ActiveCfg = Debug|ARM32
		{729F0661-49A9-447A-E061-15E44ED3BB53}.Debug|ARM32.Build.0 = Debug|ARM32
		{729F0661-49A9-447A-E061-15E44ED3BB53}.Debug|ARM64.ActiveCfg = Debug|ARM64
		{729F0661-49A9-447A-E061-15E44ED3BB53}.Debug|ARM64.Build.0 = Debug|ARM64
		{729F0661-49A9-447A-E061-15E44ED3BB53}.Debug|x64.ActiveCfg = Debug|x64
		{729F0661-49A9-447A-E061-15E44ED3BB53}.Debug|x64.Build.0 = Debug|x64
		{729F0661-49A9-447A-E061-15E44ED3BB53}.Debug|x86.ActiveCfg = Debug|x86
		{729F0661-49A9-447A-E061-15E44ED3BB53}.Debug|x86.Build.0 = Debug|x86
		{729F0661-49A9-447A-E061-15E44ED3BB53}.Release|Any CPU.ActiveCfg = Release|Any CPU
		{729F0661-49A9-447A-E061-15E44ED3BB53}.Release|Any CPU.Build.0 = Release|Any CPU
		{729F0661-49A9-447A-E061-15E44ED3BB53}.Release|ARM32.ActiveCfg = Release|ARM32
		{729F0661-49A9-447A-E061-15E44ED3BB53}.Release|ARM32.Build.0 = Release|ARM32
		{729F0661-49A9-447A-E061-15E44ED3BB53}.Release|ARM64.ActiveCfg = Release|ARM64
		{729F0661-49A9-447A-E061-15E44ED3BB53}.Release|ARM64.Build.0 = Release|ARM64
		{729F0661-49A9-447A-E061-15E44ED3BB53}.Release|x64.ActiveCfg = Release|x64
		{729F0661-49A9-447A-E061-15E44ED3BB53}.Release|x64.Build.0 = Release|x64
		{729F0661-49A9-447A-E061-15E44ED3BB53}.Release|x86.ActiveCfg = Release|x86
		{729F0661-49A9-447A-E061-15E44ED3BB53}.Release|x86.Build.0 = Release|x86
		{A5F4DA1F-8722-4C35-93D5-C6E687BEB1B6}.Debug|Any CPU.ActiveCfg = Debug|Any CPU
		{A5F4DA1F-8722-4C35-93D5-C6E687BEB1B6}.Debug|Any CPU.Build.0 = Debug|Any CPU
		{A5F4DA1F-8722-4C35-93D5-C6E687BEB1B6}.Debug|ARM32.ActiveCfg = Debug|ARM32
		{A5F4DA1F-8722-4C35-93D5-C6E687BEB1B6}.Debug|ARM32.Build.0 = Debug|ARM32
		{A5F4DA1F-8722-4C35-93D5-C6E687BEB1B6}.Debug|ARM64.ActiveCfg = Debug|ARM64
		{A5F4DA1F-8722-4C35-93D5-C6E687BEB1B6}.Debug|ARM64.Build.0 = Debug|ARM64
		{A5F4DA1F-8722-4C35-93D5-C6E687BEB1B6}.Debug|x64.ActiveCfg = Debug|x64
		{A5F4DA1F-8722-4C35-93D5-C6E687BEB1B6}.Debug|x64.Build.0 = Debug|x64
		{A5F4DA1F-8722-4C35-93D5-C6E687BEB1B6}.Debug|x86.ActiveCfg = Debug|x86
		{A5F4DA1F-8722-4C35-93D5-C6E687BEB1B6}.Debug|x86.Build.0 = Debug|x86
		{A5F4DA1F-8722-4C35-93D5-C6E687BEB1B6}.Release|Any CPU.ActiveCfg = Release|Any CPU
		{A5F4DA1F-8722-4C35-93D5-C6E687BEB1B6}.Release|Any CPU.Build.0 = Release|Any CPU
		{A5F4DA1F-8722-4C35-93D5-C6E687BEB1B6}.Release|ARM32.ActiveCfg = Release|ARM32
		{A5F4DA1F-8722-4C35-93D5-C6E687BEB1B6}.Release|ARM32.Build.0 = Release|ARM32
		{A5F4DA1F-8722-4C35-93D5-C6E687BEB1B6}.Release|ARM64.ActiveCfg = Release|ARM64
		{A5F4DA1F-8722-4C35-93D5-C6E687BEB1B6}.Release|ARM64.Build.0 = Release|ARM64
		{A5F4DA1F-8722-4C35-93D5-C6E687BEB1B6}.Release|x64.ActiveCfg = Release|x64
		{A5F4DA1F-8722-4C35-93D5-C6E687BEB1B6}.Release|x64.Build.0 = Release|x64
		{A5F4DA1F-8722-4C35-93D5-C6E687BEB1B6}.Release|x86.ActiveCfg = Release|x86
		{A5F4DA1F-8722-4C35-93D5-C6E687BEB1B6}.Release|x86.Build.0 = Release|x86
		{57A2FE23-7DF8-4E17-AE54-992259432E88}.Debug|Any CPU.ActiveCfg = Debug|Any CPU
		{57A2FE23-7DF8-4E17-AE54-992259432E88}.Debug|Any CPU.Build.0 = Debug|Any CPU
		{57A2FE23-7DF8-4E17-AE54-992259432E88}.Debug|ARM32.ActiveCfg = Debug|ARM32
		{57A2FE23-7DF8-4E17-AE54-992259432E88}.Debug|ARM32.Build.0 = Debug|ARM32
		{57A2FE23-7DF8-4E17-AE54-992259432E88}.Debug|ARM64.ActiveCfg = Debug|ARM64
		{57A2FE23-7DF8-4E17-AE54-992259432E88}.Debug|ARM64.Build.0 = Debug|ARM64
		{57A2FE23-7DF8-4E17-AE54-992259432E88}.Debug|x64.ActiveCfg = Debug|x64
		{57A2FE23-7DF8-4E17-AE54-992259432E88}.Debug|x64.Build.0 = Debug|x64
		{57A2FE23-7DF8-4E17-AE54-992259432E88}.Debug|x86.ActiveCfg = Debug|x86
		{57A2FE23-7DF8-4E17-AE54-992259432E88}.Debug|x86.Build.0 = Debug|x86
		{57A2FE23-7DF8-4E17-AE54-992259432E88}.Release|Any CPU.ActiveCfg = Release|Any CPU
		{57A2FE23-7DF8-4E17-AE54-992259432E88}.Release|Any CPU.Build.0 = Release|Any CPU
		{57A2FE23-7DF8-4E17-AE54-992259432E88}.Release|ARM32.ActiveCfg = Release|ARM32
		{57A2FE23-7DF8-4E17-AE54-992259432E88}.Release|ARM32.Build.0 = Release|ARM32
		{57A2FE23-7DF8-4E17-AE54-992259432E88}.Release|ARM64.ActiveCfg = Release|ARM64
		{57A2FE23-7DF8-4E17-AE54-992259432E88}.Release|ARM64.Build.0 = Release|ARM64
		{57A2FE23-7DF8-4E17-AE54-992259432E88}.Release|x64.ActiveCfg = Release|x64
		{57A2FE23-7DF8-4E17-AE54-992259432E88}.Release|x64.Build.0 = Release|x64
		{57A2FE23-7DF8-4E17-AE54-992259432E88}.Release|x86.ActiveCfg = Release|x86
		{57A2FE23-7DF8-4E17-AE54-992259432E88}.Release|x86.Build.0 = Release|x86
		{92E14D3D-AC1B-49EC-B8D4-C5648835CD20}.Debug|Any CPU.ActiveCfg = Debug|Any CPU
		{92E14D3D-AC1B-49EC-B8D4-C5648835CD20}.Debug|Any CPU.Build.0 = Debug|Any CPU
		{92E14D3D-AC1B-49EC-B8D4-C5648835CD20}.Debug|ARM32.ActiveCfg = Debug|ARM32
		{92E14D3D-AC1B-49EC-B8D4-C5648835CD20}.Debug|ARM32.Build.0 = Debug|ARM32
		{92E14D3D-AC1B-49EC-B8D4-C5648835CD20}.Debug|ARM64.ActiveCfg = Debug|ARM64
		{92E14D3D-AC1B-49EC-B8D4-C5648835CD20}.Debug|ARM64.Build.0 = Debug|ARM64
		{92E14D3D-AC1B-49EC-B8D4-C5648835CD20}.Debug|x64.ActiveCfg = Debug|x64
		{92E14D3D-AC1B-49EC-B8D4-C5648835CD20}.Debug|x64.Build.0 = Debug|x64
		{92E14D3D-AC1B-49EC-B8D4-C5648835CD20}.Debug|x86.ActiveCfg = Debug|x86
		{92E14D3D-AC1B-49EC-B8D4-C5648835CD20}.Debug|x86.Build.0 = Debug|x86
		{92E14D3D-AC1B-49EC-B8D4-C5648835CD20}.Release|Any CPU.ActiveCfg = Release|Any CPU
		{92E14D3D-AC1B-49EC-B8D4-C5648835CD20}.Release|Any CPU.Build.0 = Release|Any CPU
		{92E14D3D-AC1B-49EC-B8D4-C5648835CD20}.Release|ARM32.ActiveCfg = Release|ARM32
		{92E14D3D-AC1B-49EC-B8D4-C5648835CD20}.Release|ARM32.Build.0 = Release|ARM32
		{92E14D3D-AC1B-49EC-B8D4-C5648835CD20}.Release|ARM64.ActiveCfg = Release|ARM64
		{92E14D3D-AC1B-49EC-B8D4-C5648835CD20}.Release|ARM64.Build.0 = Release|ARM64
		{92E14D3D-AC1B-49EC-B8D4-C5648835CD20}.Release|x64.ActiveCfg = Release|x64
		{92E14D3D-AC1B-49EC-B8D4-C5648835CD20}.Release|x64.Build.0 = Release|x64
		{92E14D3D-AC1B-49EC-B8D4-C5648835CD20}.Release|x86.ActiveCfg = Release|x86
		{92E14D3D-AC1B-49EC-B8D4-C5648835CD20}.Release|x86.Build.0 = Release|x86
		{A7A9D6D1-16FC-457A-B0A8-79B14E30384F}.Debug|Any CPU.ActiveCfg = Debug|Any CPU
		{A7A9D6D1-16FC-457A-B0A8-79B14E30384F}.Debug|Any CPU.Build.0 = Debug|Any CPU
		{A7A9D6D1-16FC-457A-B0A8-79B14E30384F}.Debug|ARM32.ActiveCfg = Debug|Any CPU
		{A7A9D6D1-16FC-457A-B0A8-79B14E30384F}.Debug|ARM32.Build.0 = Debug|Any CPU
		{A7A9D6D1-16FC-457A-B0A8-79B14E30384F}.Debug|ARM64.ActiveCfg = Debug|Any CPU
		{A7A9D6D1-16FC-457A-B0A8-79B14E30384F}.Debug|ARM64.Build.0 = Debug|Any CPU
		{A7A9D6D1-16FC-457A-B0A8-79B14E30384F}.Debug|x64.ActiveCfg = Debug|Any CPU
		{A7A9D6D1-16FC-457A-B0A8-79B14E30384F}.Debug|x64.Build.0 = Debug|Any CPU
		{A7A9D6D1-16FC-457A-B0A8-79B14E30384F}.Debug|x86.ActiveCfg = Debug|Any CPU
		{A7A9D6D1-16FC-457A-B0A8-79B14E30384F}.Debug|x86.Build.0 = Debug|Any CPU
		{A7A9D6D1-16FC-457A-B0A8-79B14E30384F}.Release|Any CPU.ActiveCfg = Release|Any CPU
		{A7A9D6D1-16FC-457A-B0A8-79B14E30384F}.Release|Any CPU.Build.0 = Release|Any CPU
		{A7A9D6D1-16FC-457A-B0A8-79B14E30384F}.Release|ARM32.ActiveCfg = Release|Any CPU
		{A7A9D6D1-16FC-457A-B0A8-79B14E30384F}.Release|ARM32.Build.0 = Release|Any CPU
		{A7A9D6D1-16FC-457A-B0A8-79B14E30384F}.Release|ARM64.ActiveCfg = Release|Any CPU
		{A7A9D6D1-16FC-457A-B0A8-79B14E30384F}.Release|ARM64.Build.0 = Release|Any CPU
		{A7A9D6D1-16FC-457A-B0A8-79B14E30384F}.Release|x64.ActiveCfg = Release|Any CPU
		{A7A9D6D1-16FC-457A-B0A8-79B14E30384F}.Release|x64.Build.0 = Release|Any CPU
		{A7A9D6D1-16FC-457A-B0A8-79B14E30384F}.Release|x86.ActiveCfg = Release|Any CPU
		{A7A9D6D1-16FC-457A-B0A8-79B14E30384F}.Release|x86.Build.0 = Release|Any CPU
		{C4D2F7B8-91A6-4E2C-AB36-7D5E8F9012A4}.Debug|Any CPU.ActiveCfg = Debug|Any CPU
		{C4D2F7B8-91A6-4E2C-AB36-7D5E8F9012A4}.Debug|Any CPU.Build.0 = Debug|Any CPU
		{C4D2F7B8-91A6-4E2C-AB36-7D5E8F9012A4}.Debug|ARM32.ActiveCfg = Debug|ARM32
		{C4D2F7B8-91A6-4E2C-AB36-7D5E8F9012A4}.Debug|ARM32.Build.0 = Debug|ARM32
		{C4D2F7B8-91A6-4E2C-AB36-7D5E8F9012A4}.Debug|ARM64.ActiveCfg = Debug|ARM64
		{C4D2F7B8-91A6-4E2C-AB36-7D5E8F9012A4}.Debug|ARM64.Build.0 = Debug|ARM64
		{C4D2F7B8-91A6-4E2C-AB36-7D5E8F9012A4}.Debug|x64.ActiveCfg = Debug|x64
		{C4D2F7B8-91A6-4E2C-AB36-7D5E8F9012A4}.Debug|x64.Build.0 = Debug|x64
		{C4D2F7B8-91A6-4E2C-AB36-7D5E8F9012A4}.Debug|x86.ActiveCfg = Debug|x86
		{C4D2F7B8-91A6-4E2C-AB36-7D5E8F9012A4}.Debug|x86.Build.0 = Debug|x86
		{C4D2F7B8-91A6-4E2C-AB36-7D5E8F9012A4}.Release|Any CPU.ActiveCfg = Release|Any CPU
		{C4D2F7B8-91A6-4E2C-AB36-7D5E8F9012A4}.Release|Any CPU.Build.0 = Release|Any CPU
		{C4D2F7B8-91A6-4E2C-AB36-7D5E8F9012A4}.Release|ARM32.ActiveCfg = Release|ARM32
		{C4D2F7B8-91A6-4E2C-AB36-7D5E8F9012A4}.Release|ARM32.Build.0 = Release|ARM32
		{C4D2F7B8-91A6-4E2C-AB36-7D5E8F9012A4}.Release|ARM64.ActiveCfg = Release|ARM64
		{C4D2F7B8-91A6-4E2C-AB36-7D5E8F9012A4}.Release|ARM64.Build.0 = Release|ARM64
		{C4D2F7B8-91A6-4E2C-AB36-7D5E8F9012A4}.Release|x64.ActiveCfg = Release|x64
		{C4D2F7B8-91A6-4E2C-AB36-7D5E8F9012A4}.Release|x64.Build.0 = Release|x64
		{C4D2F7B8-91A6-4E2C-AB36-7D5E8F9012A4}.Release|x86.ActiveCfg = Release|x86
		{C4D2F7B8-91A6-4E2C-AB36-7D5E8F9012A4}.Release|x86.Build.0 = Release|x86
		{9A4F7B25-8E31-4B2F-BDA4-6C22E4D68D10}.Debug|Any CPU.ActiveCfg = Debug|Any CPU
		{9A4F7B25-8E31-4B2F-BDA4-6C22E4D68D10}.Debug|Any CPU.Build.0 = Debug|Any CPU
		{9A4F7B25-8E31-4B2F-BDA4-6C22E4D68D10}.Debug|ARM32.ActiveCfg = Debug|Any CPU
		{9A4F7B25-8E31-4B2F-BDA4-6C22E4D68D10}.Debug|ARM32.Build.0 = Debug|Any CPU
		{9A4F7B25-8E31-4B2F-BDA4-6C22E4D68D10}.Debug|ARM64.ActiveCfg = Debug|Any CPU
		{9A4F7B25-8E31-4B2F-BDA4-6C22E4D68D10}.Debug|ARM64.Build.0 = Debug|Any CPU
		{9A4F7B25-8E31-4B2F-BDA4-6C22E4D68D10}.Debug|x64.ActiveCfg = Debug|Any CPU
		{9A4F7B25-8E31-4B2F-BDA4-6C22E4D68D10}.Debug|x64.Build.0 = Debug|Any CPU
		{9A4F7B25-8E31-4B2F-BDA4-6C22E4D68D10}.Debug|x86.ActiveCfg = Debug|Any CPU
		{9A4F7B25-8E31-4B2F-BDA4-6C22E4D68D10}.Debug|x86.Build.0 = Debug|Any CPU
		{9A4F7B25-8E31-4B2F-BDA4-6C22E4D68D10}.Release|Any CPU.ActiveCfg = Release|Any CPU
		{9A4F7B25-8E31-4B2F-BDA4-6C22E4D68D10}.Release|Any CPU.Build.0 = Release|Any CPU
		{9A4F7B25-8E31-4B2F-BDA4-6C22E4D68D10}.Release|ARM32.ActiveCfg = Release|Any CPU
		{9A4F7B25-8E31-4B2F-BDA4-6C22E4D68D10}.Release|ARM32.Build.0 = Release|Any CPU
		{9A4F7B25-8E31-4B2F-BDA4-6C22E4D68D10}.Release|ARM64.ActiveCfg = Release|Any CPU
		{9A4F7B25-8E31-4B2F-BDA4-6C22E4D68D10}.Release|ARM64.Build.0 = Release|Any CPU
		{9A4F7B25-8E31-4B2F-BDA4-6C22E4D68D10}.Release|x64.ActiveCfg = Release|Any CPU
		{9A4F7B25-8E31-4B2F-BDA4-6C22E4D68D10}.Release|x64.Build.0 = Release|Any CPU
		{9A4F7B25-8E31-4B2F-BDA4-6C22E4D68D10}.Release|x86.ActiveCfg = Release|Any CPU
		{9A4F7B25-8E31-4B2F-BDA4-6C22E4D68D10}.Release|x86.Build.0 = Release|Any CPU
		{A1D2E3F4-5B6C-47D8-9E01-23456789ABCD}.Debug|Any CPU.ActiveCfg = Debug|Any CPU
		{A1D2E3F4-5B6C-47D8-9E01-23456789ABCD}.Debug|Any CPU.Build.0 = Debug|Any CPU
		{A1D2E3F4-5B6C-47D8-9E01-23456789ABCD}.Debug|ARM32.ActiveCfg = Debug|ARM32
		{A1D2E3F4-5B6C-47D8-9E01-23456789ABCD}.Debug|ARM32.Build.0 = Debug|ARM32
		{A1D2E3F4-5B6C-47D8-9E01-23456789ABCD}.Debug|ARM64.ActiveCfg = Debug|ARM64
		{A1D2E3F4-5B6C-47D8-9E01-23456789ABCD}.Debug|ARM64.Build.0 = Debug|ARM64
		{A1D2E3F4-5B6C-47D8-9E01-23456789ABCD}.Debug|x64.ActiveCfg = Debug|x64
		{A1D2E3F4-5B6C-47D8-9E01-23456789ABCD}.Debug|x64.Build.0 = Debug|x64
		{A1D2E3F4-5B6C-47D8-9E01-23456789ABCD}.Debug|x86.ActiveCfg = Debug|x86
		{A1D2E3F4-5B6C-47D8-9E01-23456789ABCD}.Debug|x86.Build.0 = Debug|x86
		{A1D2E3F4-5B6C-47D8-9E01-23456789ABCD}.Release|Any CPU.ActiveCfg = Release|Any CPU
		{A1D2E3F4-5B6C-47D8-9E01-23456789ABCD}.Release|Any CPU.Build.0 = Release|Any CPU
		{A1D2E3F4-5B6C-47D8-9E01-23456789ABCD}.Release|ARM32.ActiveCfg = Release|ARM32
		{A1D2E3F4-5B6C-47D8-9E01-23456789ABCD}.Release|ARM32.Build.0 = Release|ARM32
		{A1D2E3F4-5B6C-47D8-9E01-23456789ABCD}.Release|ARM64.ActiveCfg = Release|ARM64
		{A1D2E3F4-5B6C-47D8-9E01-23456789ABCD}.Release|ARM64.Build.0 = Release|ARM64
		{A1D2E3F4-5B6C-47D8-9E01-23456789ABCD}.Release|x64.ActiveCfg = Release|x64
		{A1D2E3F4-5B6C-47D8-9E01-23456789ABCD}.Release|x64.Build.0 = Release|x64
		{A1D2E3F4-5B6C-47D8-9E01-23456789ABCD}.Release|x86.ActiveCfg = Release|x86
		{A1D2E3F4-5B6C-47D8-9E01-23456789ABCD}.Release|x86.Build.0 = Release|x86
		{F6A6C0A1-9D7F-4D6A-8C62-3E5B7A41D902}.Debug|Any CPU.ActiveCfg = Debug|Any CPU
		{F6A6C0A1-9D7F-4D6A-8C62-3E5B7A41D902}.Debug|Any CPU.Build.0 = Debug|Any CPU
		{F6A6C0A1-9D7F-4D6A-8C62-3E5B7A41D902}.Debug|ARM32.ActiveCfg = Debug|Any CPU
		{F6A6C0A1-9D7F-4D6A-8C62-3E5B7A41D902}.Debug|ARM32.Build.0 = Debug|Any CPU
		{F6A6C0A1-9D7F-4D6A-8C62-3E5B7A41D902}.Debug|ARM64.ActiveCfg = Debug|Any CPU
		{F6A6C0A1-9D7F-4D6A-8C62-3E5B7A41D902}.Debug|ARM64.Build.0 = Debug|Any CPU
		{F6A6C0A1-9D7F-4D6A-8C62-3E5B7A41D902}.Debug|x64.ActiveCfg = Debug|Any CPU
		{F6A6C0A1-9D7F-4D6A-8C62-3E5B7A41D902}.Debug|x64.Build.0 = Debug|Any CPU
		{F6A6C0A1-9D7F-4D6A-8C62-3E5B7A41D902}.Debug|x86.ActiveCfg = Debug|Any CPU
		{F6A6C0A1-9D7F-4D6A-8C62-3E5B7A41D902}.Debug|x86.Build.0 = Debug|Any CPU
		{F6A6C0A1-9D7F-4D6A-8C62-3E5B7A41D902}.Release|Any CPU.ActiveCfg = Release|Any CPU
		{F6A6C0A1-9D7F-4D6A-8C62-3E5B7A41D902}.Release|Any CPU.Build.0 = Release|Any CPU
		{F6A6C0A1-9D7F-4D6A-8C62-3E5B7A41D902}.Release|ARM32.ActiveCfg = Release|Any CPU
		{F6A6C0A1-9D7F-4D6A-8C62-3E5B7A41D902}.Release|ARM32.Build.0 = Release|Any CPU
		{F6A6C0A1-9D7F-4D6A-8C62-3E5B7A41D902}.Release|ARM64.ActiveCfg = Release|Any CPU
		{F6A6C0A1-9D7F-4D6A-8C62-3E5B7A41D902}.Release|ARM64.Build.0 = Release|Any CPU
		{F6A6C0A1-9D7F-4D6A-8C62-3E5B7A41D902}.Release|x64.ActiveCfg = Release|Any CPU
		{F6A6C0A1-9D7F-4D6A-8C62-3E5B7A41D902}.Release|x64.Build.0 = Release|Any CPU
		{F6A6C0A1-9D7F-4D6A-8C62-3E5B7A41D902}.Release|x86.ActiveCfg = Release|Any CPU
		{F6A6C0A1-9D7F-4D6A-8C62-3E5B7A41D902}.Release|x86.Build.0 = Release|Any CPU
	EndGlobalSection
	GlobalSection(SolutionProperties) = preSolution
		HideSolutionNode = FALSE
	EndGlobalSection
	GlobalSection(ExtensibilityGlobals) = postSolution
		SolutionGuid = {F6B0CF19-9329-4CE8-8F56-4F663642BC38}
	EndGlobalSection
	GlobalSection(NestedProjects) = preSolution
		{14F9033C-0C0E-458B-9079-16C9A10585FA} = {A3CF217B-61D0-4EBC-8F2B-F5A4AB2C1021}
		{C27A990D-7F1F-49F1-B543-88DBB3E11F75} = {A3CF217B-61D0-4EBC-8F2B-F5A4AB2C1021}
		{9A4F7B25-8E31-4B2F-BDA4-6C22E4D68D10} = {A3CF217B-61D0-4EBC-8F2B-F5A4AB2C1021}
		{8BE8DAE7-489A-4FE0-848A-2F4A02ED3FBA} = {B5F781E2-4077-4C39-A6AF-38C0C19F7A52}
		{A8C529CE-1D62-4E53-9A49-CB975B7B2754} = {B5F781E2-4077-4C39-A6AF-38C0C19F7A52}
		{7D497E1E-08AD-476C-8C42-5995F0FFBD19} = {B5F781E2-4077-4C39-A6AF-38C0C19F7A52}
		{066A9D52-F1DB-4A2E-9F84-E5D734B52EF0} = {B5F781E2-4077-4C39-A6AF-38C0C19F7A52}
		{A1D2E3F4-5B6C-47D8-9E01-23456789ABCD} = {B5F781E2-4077-4C39-A6AF-38C0C19F7A52}
		{06B8E0C8-46FD-4E04-931E-282F7BF46D24} = {B5F781E2-4077-4C39-A6AF-38C0C19F7A52}
		{B36F2B54-3C18-4D4B-97EE-45CD24E98F61} = {C8A62F0D-E973-49B5-B47A-902E0AB6D783}
		{729F0661-49A9-447A-E061-15E44ED3BB53} = {C8A62F0D-E973-49B5-B47A-902E0AB6D783}
		{4E9C665A-78D6-4C8B-A2EA-1D2FAE0B6224} = {C8A62F0D-E973-49B5-B47A-902E0AB6D783}
		{A5F4DA1F-8722-4C35-93D5-C6E687BEB1B6} = {C8A62F0D-E973-49B5-B47A-902E0AB6D783}
		{57A2FE23-7DF8-4E17-AE54-992259432E88} = {C8A62F0D-E973-49B5-B47A-902E0AB6D783}
		{92E14D3D-AC1B-49EC-B8D4-C5648835CD20} = {C8A62F0D-E973-49B5-B47A-902E0AB6D783}
		{A7A9D6D1-16FC-457A-B0A8-79B14E30384F} = {C8A62F0D-E973-49B5-B47A-902E0AB6D783}
		{D5A8E2F1-2C6A-4F14-8D4D-8A0E1B4C9F31} = {C8A62F0D-E973-49B5-B47A-902E0AB6D783}
		{E7C9B3A2-5D4F-4A12-9C7E-2B6D8F1A3C45} = {C8A62F0D-E973-49B5-B47A-902E0AB6D783}
		{C4D2F7B8-91A6-4E2C-AB36-7D5E8F9012A4} = {C8A62F0D-E973-49B5-B47A-902E0AB6D783}
		{F6A6C0A1-9D7F-4D6A-8C62-3E5B7A41D902} = {C8A62F0D-E973-49B5-B47A-902E0AB6D783}
	EndGlobalSection
EndGlobal
