{
  "version": 2,
  "dependencies": {
    "net10.0": {
      "Avalonia": {
        "type": "Direct",
        "requested": "[11.3.18, )",
        "resolved": "11.3.18",
        "contentHash": "2C4UxhWUObWGgYKWic1x5BMMWGJP6SElb91WeOxs+X/iR26rtkqpxFFwwo50FXS9AyYnHfk8QKXDEfe7oT/kZA==",
        "dependencies": {
          "Avalonia.BuildServices": "11.3.2",
          "Avalonia.Remote.Protocol": "11.3.18",
          "MicroCom.Runtime": "0.11.0"
        }
      },
      "Avalonia.Controls.ColorPicker": {
        "type": "Direct",
        "requested": "[11.3.18, )",
        "resolved": "11.3.18",
        "contentHash": "gcl2yQLQpS38Ur9MduD98GXzYaZEbwzYhaBmTh7Hp0YyXI4B2FlXXPdB4nijPI6WuoYdM24akdnF6uCeWL6q3Q==",
        "dependencies": {
          "Avalonia": "11.3.18",
          "Avalonia.Remote.Protocol": "11.3.18"
        }
      },
      "Avalonia.Fonts.Inter": {
        "type": "Direct",
        "requested": "[11.3.18, )",
        "resolved": "11.3.18",
        "contentHash": "27u6hB3Y2Ue586yjfeVakberY73VNQXtuKwe/P927XG1QPlhsfmOyifLHDDpSHG85Zl1x/Xv9IZ3+tk9FnjcZQ==",
        "dependencies": {
          "Avalonia": "11.3.18"
        }
      },
      "Avalonia.ReactiveUI": {
        "type": "Direct",
        "requested": "[11.3.8, )",
        "resolved": "11.3.8",
        "contentHash": "nD7U8UhJcng9OEunDt5bFRDvo+UHxtVi/a+BNLH2dxQuNJnqtXpLp/2rEzrzJDtV8X2FU7fHTwTrDhNOyYjWxw==",
        "dependencies": {
          "Avalonia": "11.3.8",
          "ReactiveUI": "20.1.1",
          "System.Reactive": "6.0.1"
        }
      },
      "Avalonia.Themes.Fluent": {
        "type": "Direct",
        "requested": "[11.3.18, )",
        "resolved": "11.3.18",
        "contentHash": "+Q/TJoynD0zNuu5w2gD+xcTl7GNKJFxlPYAndRLs/mTDrNbbsvv/271WyIysbMPsXSjCyBDp7RCZzQkpD6x5Bg==",
        "dependencies": {
          "Avalonia": "11.3.18"
        }
      },
      "Microsoft.NET.ILLink.Tasks": {
        "type": "Direct",
        "requested": "[10.0.11, )",
        "resolved": "10.0.11",
        "contentHash": "IBf7lbovvjGWVWXZX5cJ/cO0WXbId0Zq4BuSeT94mGZuOAP66oMeH9PTBZ9Jpp3Jb6jtK0qm/NyUbPRo1gC/wQ=="
      },
      "SkiaSharp": {
        "type": "Direct",
        "requested": "[3.119.1, )",
        "resolved": "3.119.1",
        "contentHash": "+Ru1BTSZQne3Vp+vbSb50Ke3Nlc3ZnItxx4+751J9WZ8YzLKAV/n+9DAo4zFTyeCI//ueT63c+VybmTTpYBEiw==",
        "dependencies": {
          "SkiaSharp.NativeAssets.Win32": "3.119.1",
          "SkiaSharp.NativeAssets.macOS": "3.119.1"
        }
      },
      "ZXing.Net": {
        "type": "Direct",
        "requested": "[0.16.11, )",
        "resolved": "0.16.11",
        "contentHash": "OZfAVu88hl87BffQ+rlWCj/vLvAhhCK4QnFaoveeF/MY8SjHNSYBQ3qyUEWlPKNgBQGh1syXhCDg10vUnCsqkg=="
      },
      "ZXing.Net.Bindings.SkiaSharp": {
        "type": "Direct",
        "requested": "[0.16.22, )",
        "resolved": "0.16.22",
        "contentHash": "jdlarXJKukpYjnNf6bS7/ncRSZQh7v4uwUMFsaIc3MPZtY+fcQS0ONGXI4BSEEcNhxb8UfrULtRuL9ToLPhn1g==",
        "dependencies": {
          "SkiaSharp": "3.119.1",
          "ZXing.Net": "0.16.11"
        }
      },
      "Avalonia.BuildServices": {
        "type": "Transitive",
        "resolved": "11.3.2",
        "contentHash": "qHDToxto1e3hci5YqbG9n0Ty8mlp3zBUN5wT66wKqaDVzXyQ0do3EnRILd4Ke9jpvsktaPpgE0YjEk7hornryQ=="
      },
      "Avalonia.Remote.Protocol": {
        "type": "Transitive",
        "resolved": "11.3.18",
        "contentHash": "vw+6ZfgTuu72dA9aVWn6u56t2nrBd5MoMU0wo/qI9XJAl/c0oYYphIvwLvJP1JorubQY4UE3d0ac8ULBhrGBiA=="
      },
      "DynamicData": {
        "type": "Transitive",
        "resolved": "8.4.1",
        "contentHash": "Mn1+fU/jqxgONEJq8KLQPGWEi7g/hUVTbjZyn4QM0sWWDAVOHPO9WjXWORSykwdfg/6S3GM15qsfz+2EvO+QAQ==",
        "dependencies": {
          "System.Reactive": "6.0.0"
        }
      },
      "MicroCom.Runtime": {
        "type": "Transitive",
        "resolved": "0.11.0",
        "contentHash": "MEnrZ3UIiH40hjzMDsxrTyi8dtqB5ziv3iBeeU4bXsL/7NLSal9F1lZKpK+tfBRnUoDSdtcW3KufE4yhATOMCA=="
      },
      "ReactiveUI": {
        "type": "Transitive",
        "resolved": "20.1.1",
        "contentHash": "9hNPknWjijnaSWs6auypoXqUptPZcRpUypF+cf1zD50fgW+SEoQda502N3fVZ2eWPcaiUad+z6GaLwOWmUVHNw==",
        "dependencies": {
          "DynamicData": "8.4.1",
          "Splat": "15.1.1",
          "System.ComponentModel.Annotations": "5.0.0"
        }
      },
      "SkiaSharp.NativeAssets.macOS": {
        "type": "Transitive",
        "resolved": "3.119.1",
        "contentHash": "6hR3BdLhApjDxR1bFrJ7/lMydPfI01s3K+3WjIXFUlfC0MFCFCwRzv+JtzIkW9bDXs7XUVQS+6EVf0uzCasnGQ=="
      },
      "Splat": {
        "type": "Transitive",
        "resolved": "15.1.1",
        "contentHash": "RHDTdF90FwVbRia2cmuIzkiVoETqnXSB2dDBBi/I35HWXqv4OKGqoMcfcd6obMvO2OmmY5PjU1M62K8LkJafAA=="
      },
      "System.ComponentModel.Annotations": {
        "type": "Transitive",
        "resolved": "5.0.0",
        "contentHash": "dMkqfy2el8A8/I76n2Hi1oBFEbG1SfxD2l5nhwXV3XjlnOmwxJlQbYpJH4W51odnU9sARCSAgv7S3CyAFMkpYg=="
      },
      "System.Reactive": {
        "type": "Transitive",
        "resolved": "6.0.1",
        "contentHash": "rHaWtKDwCi9qJ3ObKo8LHPMuuwv33YbmQi7TcUK1C264V3MFnOr5Im7QgCTdLniztP3GJyeiSg5x8NqYJFqRmg=="
      },
      "passwordmanagerlocal.common.contracts": {
        "type": "Project"
      },
      "passwordmanagerlocal.common.preferences": {
        "type": "Project",
        "dependencies": {
          "PasswordManagerLocal.Common.Contracts": "[1.0.0, )"
        }
      },
      "SkiaSharp.NativeAssets.Win32": {
        "type": "CentralTransitive",
        "requested": "[3.119.1, )",
        "resolved": "3.119.1",
        "contentHash": "8C4GSXVJqSr0y3Tyyv5jz6MJSTVUyYkMjeKrzK+VyZPGLo89MNoUEclVuYahzOCDdtbfXrd2HtxXfDuvoSXrUw=="
      }
    },
    "net10.0/win-x64": {
      "SkiaSharp.NativeAssets.macOS": {
        "type": "Transitive",
        "resolved": "3.119.1",
        "contentHash": "6hR3BdLhApjDxR1bFrJ7/lMydPfI01s3K+3WjIXFUlfC0MFCFCwRzv+JtzIkW9bDXs7XUVQS+6EVf0uzCasnGQ=="
      },
      "SkiaSharp.NativeAssets.Win32": {
        "type": "CentralTransitive",
        "requested": "[3.119.1, )",
        "resolved": "3.119.1",
        "contentHash": "8C4GSXVJqSr0y3Tyyv5jz6MJSTVUyYkMjeKrzK+VyZPGLo89MNoUEclVuYahzOCDdtbfXrd2HtxXfDuvoSXrUw=="
      }
    }
  }
}